
Microsoft Visual Studio Solution File, Format Version 12.00
# Visual Studio Version 16
VisualStudioVersion = 16.0.29409.12
MinimumVisualStudioVersion = 10.0.40219.1
Project("{FAE04EC0-301F-11D3-BF4B-00C04F79EFBC}") = "Voicify.Sdk.Analytics", "Voicify.Sdk.Analytics\Voicify.Sdk.Analytics.csproj", "{2042142C-5962-4A17-939D-716A1E3A2A02}"
EndProject
Project("{FAE04EC0-301F-11D3-BF4B-00C04F79EFBC}") = "Voicify.Sdk.Analytics.Tests", "Voicify.Sdk.Analytics.Tests\Voicify.Sdk.Analytics.Tests.csproj", "{EF615E9F-EA27-4E4E-9111-1D31F30982E5}"
EndProject
Global
	GlobalSection(SolutionConfigurationPlatforms) = preSolution
		Debug|Any CPU = Debug|Any CPU
		Release|Any CPU = Release|Any CPU
	EndGlobalSection
	GlobalSection(ProjectConfigurationPlatforms) = postSolution
		{2042142C-5962-4A17-939D-716A1E3A2A02}.Debug|Any CPU.ActiveCfg = Debug|Any CPU
		{2042142C-5962-4A17-939D-716A1E3A2A02}.Debug|Any CPU.Build.0 = Debug|Any CPU
		{2042142C-5962-4A17-939D-716A1E3A2A02}.Release|Any CPU.ActiveCfg = Release|Any CPU
		{2042142C-5962-4A17-939D-716A1E3A2A02}.Release|Any CPU.Build.0 = Release|Any CPU
		{EF615E9F-EA27-4E4E-9111-1D31F30982E5}.Debug|Any CPU.ActiveCfg = Debug|Any CPU
		{EF615E9F-EA27-4E4E-9111-1D31F30982E5}.Debug|Any CPU.Build.0 = Debug|Any CPU
		{EF615E9F-EA27-4E4E-9111-1D31F30982E5}.Release|Any CPU.ActiveCfg = Release|Any CPU
		{EF615E9F-EA27-4E4E-9111-1D31F30982E5}.Release|Any CPU.Build.0 = Release|Any CPU
	EndGlobalSection
	GlobalSection(SolutionProperties) = preSolution
		HideSolutionNode = FALSE
	EndGlobalSection
	GlobalSection(ExtensibilityGlobals) = postSolution
		SolutionGuid = {41947E4A-85BA-43DD-814F-B7159CF40D4D}
	EndGlobalSection
EndGlobal
