
Microsoft Visual Studio Solution File, Format Version 12.00
# Visual Studio Version 16
VisualStudioVersion = 16.0.29409.12
MinimumVisualStudioVersion = 10.0.40219.1
Project("{9A19103F-16F7-4668-BE54-9A1E7A4F7556}") = "Voicify.Samples.Assistant.ConsoleApp", "Voicify.Samples.Assistant.ConsoleApp\Voicify.Samples.Assistant.ConsoleApp.csproj", "{7E3CCE16-A89E-47DA-A8BB-686A9C6F6CF5}"
EndProject
Global
	GlobalSection(SolutionConfigurationPlatforms) = preSolution
		Debug|Any CPU = Debug|Any CPU
		Release|Any CPU = Release|Any CPU
	EndGlobalSection
	GlobalSection(ProjectConfigurationPlatforms) = postSolution
		{7E3CCE16-A89E-47DA-A8BB-686A9C6F6CF5}.Debug|Any CPU.ActiveCfg = Debug|Any CPU
		{7E3CCE16-A89E-47DA-A8BB-686A9C6F6CF5}.Debug|Any CPU.Build.0 = Debug|Any CPU
		{7E3CCE16-A89E-47DA-A8BB-686A9C6F6CF5}.Release|Any CPU.ActiveCfg = Release|Any CPU
		{7E3CCE16-A89E-47DA-A8BB-686A9C6F6CF5}.Release|Any CPU.Build.0 = Release|Any CPU
	EndGlobalSection
	GlobalSection(SolutionProperties) = preSolution
		HideSolutionNode = FALSE
	EndGlobalSection
	GlobalSection(ExtensibilityGlobals) = postSolution
		SolutionGuid = {7A967D56-D00B-470E-BBF9-4C2C3834AB71}
	EndGlobalSection
EndGlobal
